
Microsoft Visual Studio Solution File, Format Version 12.00
# Visual Studio Version 16
VisualStudioVersion = 16.0.31025.194
MinimumVisualStudioVersion = 10.0.40219.1
Project("{FAE04EC0-301F-11D3-BF4B-00C04F79EFBC}") = "BigscreenExampleMod", "BigscreenExampleMod.csproj", "{F3B745AC-C15A-4F49-B577-BA0867FBD384}"
EndProject
Global
	GlobalSection(SolutionConfigurationPlatforms) = preSolution
		Debug|Any CPU = Debug|Any CPU
		Release|Any CPU = Release|Any CPU
	EndGlobalSection
	GlobalSection(ProjectConfigurationPlatforms) = postSolution
		{F3B745AC-C15A-4F49-B577-BA0867FBD384}.Debug|Any CPU.ActiveCfg = Debug|Any CPU
		{F3B745AC-C15A-4F49-B577-BA0867FBD384}.Debug|Any CPU.Build.0 = Debug|Any CPU
		{F3B745AC-C15A-4F49-B577-BA0867FBD384}.Release|Any CPU.ActiveCfg = Release|Any CPU
		{F3B745AC-C15A-4F49-B577-BA0867FBD384}.Release|Any CPU.Build.0 = Release|Any CPU
	EndGlobalSection
	GlobalSection(SolutionProperties) = preSolution
		HideSolutionNode = FALSE
	EndGlobalSection
	GlobalSection(ExtensibilityGlobals) = postSolution
		SolutionGuid = {AB95A34D-7D54-4793-99B3-C276B91E6292}
	EndGlobalSection
EndGlobal
